
Microsoft Visual Studio Solution File, Format Version 12.00
# Visual Studio Version 16
VisualStudioVersion = 16.0.29519.87
MinimumVisualStudioVersion = 10.0.40219.1
Project("{FAE04EC0-301F-11D3-BF4B-00C04F79EFBC}") = "EntityFramework", "EntityFramework\EntityFramework.csproj", "{7EE7CB2B-4317-4459-A6C6-8020B50479D0}"
EndProject
Global
	GlobalSection(SolutionConfigurationPlatforms) = preSolution
		Debug|Any CPU = Debug|Any CPU
		Release|Any CPU = Release|Any CPU
	EndGlobalSection
	GlobalSection(ProjectConfigurationPlatforms) = postSolution
		{7EE7CB2B-4317-4459-A6C6-8020B50479D0}.Debug|Any CPU.ActiveCfg = Debug|Any CPU
		{7EE7CB2B-4317-4459-A6C6-8020B50479D0}.Debug|Any CPU.Build.0 = Debug|Any CPU
		{7EE7CB2B-4317-4459-A6C6-8020B50479D0}.Release|Any CPU.ActiveCfg = Release|Any CPU
		{7EE7CB2B-4317-4459-A6C6-8020B50479D0}.Release|Any CPU.Build.0 = Release|Any CPU
	EndGlobalSection
	GlobalSection(SolutionProperties) = preSolution
		HideSolutionNode = FALSE
	EndGlobalSection
	GlobalSection(ExtensibilityGlobals) = postSolution
		SolutionGuid = {DFC46A8A-8F14-45B1-B00C-C12BC9CFBC0E}
	EndGlobalSection
EndGlobal
